// !$*UTF8*$!
{
	archiveVersion = 1;
	classes = {
	};
	objectVersion = 50;
	objects = {

/* Begin PBXBuildFile section */
		79727CF12618D0A400A0AA89 /* AboutMe.swift in Sources */ = {isa = PBXBuildFile; fileRef = 79727CF02618D0A400A0AA89 /* AboutMe.swift */; };
		79727CFB2618FF7200A0AA89 /* AboutMeViewController.swift in Sources */ = {isa = PBXBuildFile; fileRef = 79727CFA2618FF7200A0AA89 /* AboutMeViewController.swift */; };
		79727CFE2618FFD700A0AA89 /* PhotosViewController.swift in Sources */ = {isa = PBXBuildFile; fileRef = 79727CFD2618FFD700A0AA89 /* PhotosViewController.swift */; };
		799808FF261464CF00F219A1 /* AppDelegate.swift in Sources */ = {isa = PBXBuildFile; fileRef = 799808FE261464CF00F219A1 /* AppDelegate.swift */; };
		79980901261464CF00F219A1 /* SceneDelegate.swift in Sources */ = {isa = PBXBuildFile; fileRef = 79980900261464CF00F219A1 /* SceneDelegate.swift */; };
		79980903261464CF00F219A1 /* LoginViewController.swift in Sources */ = {isa = PBXBuildFile; fileRef = 79980902261464CF00F219A1 /* LoginViewController.swift */; };
		79980906261464CF00F219A1 /* Main.storyboard in Resources */ = {isa = PBXBuildFile; fileRef = 79980904261464CF00F219A1 /* Main.storyboard */; };
		79980908261464D000F219A1 /* Assets.xcassets in Resources */ = {isa = PBXBuildFile; fileRef = 79980907261464D000F219A1 /* Assets.xcassets */; };
		7998090B261464D000F219A1 /* LaunchScreen.storyboard in Resources */ = {isa = PBXBuildFile; fileRef = 79980909261464D000F219A1 /* LaunchScreen.storyboard */; };
		7998091B2614A27100F219A1 /* WelcomeViewController.swift in Sources */ = {isa = PBXBuildFile; fileRef = 7998091A2614A27100F219A1 /* WelcomeViewController.swift */; };
		79F82EE32619E7C3009D4214 /* SettingViewController.swift in Sources */ = {isa = PBXBuildFile; fileRef = 79F82EE22619E7C3009D4214 /* SettingViewController.swift */; };
/* End PBXBuildFile section */

/* Begin PBXFileReference section */
		79727CF02618D0A400A0AA89 /* AboutMe.swift */ = {isa = PBXFileReference; lastKnownFileType = sourcecode.swift; path = AboutMe.swift; sourceTree = "<group>"; };
		79727CFA2618FF7200A0AA89 /* AboutMeViewController.swift */ = {isa = PBXFileReference; lastKnownFileType = sourcecode.swift; path = AboutMeViewController.swift; sourceTree = "<group>"; };
		79727CFD2618FFD700A0AA89 /* PhotosViewController.swift */ = {isa = PBXFileReference; lastKnownFileType = sourcecode.swift; path = PhotosViewController.swift; sourceTree = "<group>"; };
		799808FB261464CF00F219A1 /* Passport.app */ = {isa = PBXFileReference; explicitFileType = wrapper.application; includeInIndex = 0; path = Passport.app; sourceTree = BUILT_PRODUCTS_DIR; };
		799808FE261464CF00F219A1 /* AppDelegate.swift */ = {isa = PBXFileReference; lastKnownFileType = sourcecode.swift; path = AppDelegate.swift; sourceTree = "<group>"; };
		79980900261464CF00F219A1 /* SceneDelegate.swift */ = {isa = PBXFileReference; lastKnownFileType = sourcecode.swift; path = SceneDelegate.swift; sourceTree = "<group>"; };
		79980902261464CF00F219A1 /* LoginViewController.swift */ = {isa = PBXFileReference; lastKnownFileType = sourcecode.swift; path = LoginViewController.swift; sourceTree = "<group>"; };
		79980905261464CF00F219A1 /* Base */ = {isa = PBXFileReference; lastKnownFileType = file.storyboard; name = Base; path = Base.lproj/Main.storyboard; sourceTree = "<group>"; };
		79980907261464D000F219A1 /* Assets.xcassets */ = {isa = PBXFileReference; lastKnownFileType = folder.assetcatalog; path = Assets.xcassets; sourceTree = "<group>"; };
		7998090A261464D000F219A1 /* Base */ = {isa = PBXFileReference; lastKnownFileType = file.storyboard; name = Base; path = Base.lproj/LaunchScreen.storyboard; sourceTree = "<group>"; };
		7998090C261464D000F219A1 /* Info.plist */ = {isa = PBXFileReference; lastKnownFileType = text.plist.xml; path = Info.plist; sourceTree = "<group>"; };
		7998091A2614A27100F219A1 /* WelcomeViewController.swift */ = {isa = PBXFileReference; lastKnownFileType = sourcecode.swift; path = WelcomeViewController.swift; sourceTree = "<group>"; };
		79F82EE22619E7C3009D4214 /* SettingViewController.swift */ = {isa = PBXFileReference; lastKnownFileType = sourcecode.swift; path = SettingViewController.swift; sourceTree = "<group>"; };
/* End PBXFileReference section */

/* Begin PBXFrameworksBuildPhase section */
		799808F8261464CF00F219A1 /* Frameworks */ = {
			isa = PBXFrameworksBuildPhase;
			buildActionMask = 2147483647;
			files = (
			);
			runOnlyForDeploymentPostprocessing = 0;
		};
/* End PBXFrameworksBuildPhase section */

/* Begin PBXGroup section */
		79727CEF2618D06200A0AA89 /* ViewControlls */ = {
			isa = PBXGroup;
			children = (
				79980902261464CF00F219A1 /* LoginViewController.swift */,
				7998091A2614A27100F219A1 /* WelcomeViewController.swift */,
				79727CFA2618FF7200A0AA89 /* AboutMeViewController.swift */,
				79727CFD2618FFD700A0AA89 /* PhotosViewController.swift */,
				79F82EE22619E7C3009D4214 /* SettingViewController.swift */,
			);
			path = ViewControlls;
			sourceTree = "<group>";
		};
		79727CF32618D0BB00A0AA89 /* Models */ = {
			isa = PBXGroup;
			children = (
				79727CF02618D0A400A0AA89 /* AboutMe.swift */,
			);
			path = Models;
			sourceTree = "<group>";
		};
		79727CF42618D0DD00A0AA89 /* Storyboards */ = {
			isa = PBXGroup;
			children = (
				79980904261464CF00F219A1 /* Main.storyboard */,
				79980909261464D000F219A1 /* LaunchScreen.storyboard */,
			);
			path = Storyboards;
			sourceTree = "<group>";
		};
		79727CF62618D14A00A0AA89 /* Resources */ = {
			isa = PBXGroup;
			children = (
				79980907261464D000F219A1 /* Assets.xcassets */,
			);
			path = Resources;
			sourceTree = "<group>";
		};
		79727CF72618D16C00A0AA89 /* Supporting */ = {
			isa = PBXGroup;
			children = (
				799808FE261464CF00F219A1 /* AppDelegate.swift */,
				79980900261464CF00F219A1 /* SceneDelegate.swift */,
				7998090C261464D000F219A1 /* Info.plist */,
			);
			path = Supporting;
			sourceTree = "<group>";
		};
		799808F2261464CF00F219A1 = {
			isa = PBXGroup;
			children = (
				799808FD261464CF00F219A1 /* Passport */,
				799808FC261464CF00F219A1 /* Products */,
			);
			sourceTree = "<group>";
		};
		799808FC261464CF00F219A1 /* Products */ = {
			isa = PBXGroup;
			children = (
				799808FB261464CF00F219A1 /* Passport.app */,
			);
			name = Products;
			sourceTree = "<group>";
		};
		799808FD261464CF00F219A1 /* Passport */ = {
			isa = PBXGroup;
			children = (
				79727CEF2618D06200A0AA89 /* ViewControlls */,
				79727CF32618D0BB00A0AA89 /* Models */,
				79727CF42618D0DD00A0AA89 /* Storyboards */,
				79727CF72618D16C00A0AA89 /* Supporting */,
				79727CF62618D14A00A0AA89 /* Resources */,
			);
			path = Passport;
			sourceTree = "<group>";
		};
/* End PBXGroup section */

/* Begin PBXNativeTarget section */
		799808FA261464CF00F219A1 /* Passport */ = {
			isa = PBXNativeTarget;
			buildConfigurationList = 7998090F261464D000F219A1 /* Build configuration list for PBXNativeTarget "Passport" */;
			buildPhases = (
				799808F7261464CF00F219A1 /* Sources */,
				799808F8261464CF00F219A1 /* Frameworks */,
				799808F9261464CF00F219A1 /* Resources */,
			);
			buildRules = (
			);
			dependencies = (
			);
			name = Passport;
			productName = Passport;
			productReference = 799808FB261464CF00F219A1 /* Passport.app */;
			productType = "com.apple.product-type.application";
		};
/* End PBXNativeTarget section */

/* Begin PBXProject section */
		799808F3261464CF00F219A1 /* Project object */ = {
			isa = PBXProject;
			attributes = {
				LastSwiftUpdateCheck = 1240;
				LastUpgradeCheck = 1240;
				TargetAttributes = {
					799808FA261464CF00F219A1 = {
						CreatedOnToolsVersion = 12.4;
					};
				};
			};
			buildConfigurationList = 799808F6261464CF00F219A1 /* Build configuration list for PBXProject "Passport" */;
			compatibilityVersion = "Xcode 9.3";
			developmentRegion = en;
			hasScannedForEncodings = 0;
			knownRegions = (
				en,
				Base,
			);
			mainGroup = 799808F2261464CF00F219A1;
			productRefGroup = 799808FC261464CF00F219A1 /* Products */;
			projectDirPath = "";
			projectRoot = "";
			targets = (
				799808FA261464CF00F219A1 /* Passport */,
			);
		};
/* End PBXProject section */

/* Begin PBXResourcesBuildPhase section */
		799808F9261464CF00F219A1 /* Resources */ = {
			isa = PBXResourcesBuildPhase;
			buildActionMask = 2147483647;
			files = (
				7998090B261464D000F219A1 /* LaunchScreen.storyboard in Resources */,
				79980908261464D000F219A1 /* Assets.xcassets in Resources */,
				79980906261464CF00F219A1 /* Main.storyboard in Resources */,
			);
			runOnlyForDeploymentPostprocessing = 0;
		};
/* End PBXResourcesBuildPhase section */

/* Begin PBXSourcesBuildPhase section */
		799808F7261464CF00F219A1 /* Sources */ = {
			isa = PBXSourcesBuildPhase;
			buildActionMask = 2147483647;
			files = (
				79980903261464CF00F219A1 /* LoginViewController.swift in Sources */,
				79727CF12618D0A400A0AA89 /* AboutMe.swift in Sources */,
				7998091B2614A27100F219A1 /* WelcomeViewController.swift in Sources */,
				79F82EE32619E7C3009D4214 /* SettingViewController.swift in Sources */,
				799808FF261464CF00F219A1 /* AppDelegate.swift in Sources */,
				79727CFE2618FFD700A0AA89 /* PhotosViewController.swift in Sources */,
				79727CFB2618FF7200A0AA89 /* AboutMeViewController.swift in Sources */,
				79980901261464CF00F219A1 /* SceneDelegate.swift in Sources */,
			);
			runOnlyForDeploymentPostprocessing = 0;
		};
/* End PBXSourcesBuildPhase section */

/* Begin PBXVariantGroup section */
		79980904261464CF00F219A1 /* Main.storyboard */ = {
			isa = PBXVariantGroup;
			children = (
				79980905261464CF00F219A1 /* Base */,
			);
			name = Main.storyboard;
			sourceTree = "<group>";
		};
		79980909261464D000F219A1 /* LaunchScreen.storyboard */ = {
			isa = PBXVariantGroup;
			children = (
				7998090A261464D000F219A1 /* Base */,
			);
			name = LaunchScreen.storyboard;
			sourceTree = "<group>";
		};
/* End PBXVariantGroup section */

/* Begin XCBuildConfiguration section */
		7998090D261464D000F219A1 /* Debug */ = {
			isa = XCBuildConfiguration;
			buildSettings = {
				ALWAYS_SEARCH_USER_PATHS = NO;
				CLANG_ANALYZER_NONNULL = YES;
				CLANG_ANALYZER_NUMBER_OBJECT_CONVERSION = YES_AGGRESSIVE;
				CLANG_CXX_LANGUAGE_STANDARD = "gnu++14";
				CLANG_CXX_LIBRARY = "libc++";
				CLANG_ENABLE_MODULES = YES;
				CLANG_ENABLE_OBJC_ARC = YES;
				CLANG_ENABLE_OBJC_WEAK = YES;
				CLANG_WARN_BLOCK_CAPTURE_AUTORELEASING = YES;
				CLANG_WARN_BOOL_CONVERSION = YES;
				CLANG_WARN_COMMA = YES;
				CLANG_WARN_CONSTANT_CONVERSION = YES;
				CLANG_WARN_DEPRECATED_OBJC_IMPLEMENTATIONS = YES;
				CLANG_WARN_DIRECT_OBJC_ISA_USAGE = YES_ERROR;
				CLANG_WARN_DOCUMENTATION_COMMENTS = YES;
				CLANG_WARN_EMPTY_BODY = YES;
				CLANG_WARN_ENUM_CONVERSION = YES;
				CLANG_WARN_INFINITE_RECURSION = YES;
				CLANG_WARN_INT_CONVERSION = YES;
				CLANG_WARN_NON_LITERAL_NULL_CONVERSION = YES;
				CLANG_WARN_OBJC_IMPLICIT_RETAIN_SELF = YES;
				CLANG_WARN_OBJC_LITERAL_CONVERSION = YES;
				CLANG_WARN_OBJC_ROOT_CLASS = YES_ERROR;
				CLANG_WARN_QUOTED_INCLUDE_IN_FRAMEWORK_HEADER = YES;
				CLANG_WARN_RANGE_LOOP_ANALYSIS = YES;
				CLANG_WARN_STRICT_PROTOTYPES = YES;
				CLANG_WARN_SUSPICIOUS_MOVE = YES;
				CLANG_WARN_UNGUARDED_AVAILABILITY = YES_AGGRESSIVE;
				CLANG_WARN_UNREACHABLE_CODE = YES;
				CLANG_WARN__DUPLICATE_METHOD_MATCH = YES;
				COPY_PHASE_STRIP = NO;
				DEBUG_INFORMATION_FORMAT = dwarf;
				ENABLE_STRICT_OBJC_MSGSEND = YES;
				ENABLE_TESTABILITY = YES;
				GCC_C_LANGUAGE_STANDARD = gnu11;
				GCC_DYNAMIC_NO_PIC = NO;
				GCC_NO_COMMON_BLOCKS = YES;
				GCC_OPTIMIZATION_LEVEL = 0;
				GCC_PREPROCESSOR_DEFINITIONS = (
					"DEBUG=1",
					"$(inherited)",
				);
				GCC_WARN_64_TO_32_BIT_CONVERSION = YES;
				GCC_WARN_ABOUT_RETURN_TYPE = YES_ERROR;
				GCC_WARN_UNDECLARED_SELECTOR = YES;
				GCC_WARN_UNINITIALIZED_AUTOS = YES_AGGRESSIVE;
				GCC_WARN_UNUSED_FUNCTION = YES;
				GCC_WARN_UNUSED_VARIABLE = YES;
				IPHONEOS_DEPLOYMENT_TARGET = 14.4;
				MTL_ENABLE_DEBUG_INFO = INCLUDE_SOURCE;
				MTL_FAST_MATH = YES;
				ONLY_ACTIVE_ARCH = YES;
				SDKROOT = iphoneos;
				SWIFT_ACTIVE_COMPILATION_CONDITIONS = DEBUG;
				SWIFT_OPTIMIZATION_LEVEL = "-Onone";
			};
			name = Debug;
		};
		7998090E261464D000F219A1 /* Release */ = {
			isa = XCBuildConfiguration;
			buildSettings = {
				ALWAYS_SEARCH_USER_PATHS = NO;
				CLANG_ANALYZER_NONNULL = YES;
				CLANG_ANALYZER_NUMBER_OBJECT_CONVERSION = YES_AGGRESSIVE;
				CLANG_CXX_LANGUAGE_STANDARD = "gnu++14";
				CLANG_CXX_LIBRARY = "libc++";
				CLANG_ENABLE_MODULES = YES;
				CLANG_ENABLE_OBJC_ARC = YES;
				CLANG_ENABLE_OBJC_WEAK = YES;
				CLANG_WARN_BLOCK_CAPTURE_AUTORELEASING = YES;
				CLANG_WARN_BOOL_CONVERSION = YES;
				CLANG_WARN_COMMA = YES;
				CLANG_WARN_CONSTANT_CONVERSION = YES;
				CLANG_WARN_DEPRECATED_OBJC_IMPLEMENTATIONS = YES;
				CLANG_WARN_DIRECT_OBJC_ISA_USAGE = YES_ERROR;
				CLANG_WARN_DOCUMENTATION_COMMENTS = YES;
				CLANG_WARN_EMPTY_BODY = YES;
				CLANG_WARN_ENUM_CONVERSION = YES;
				CLANG_WARN_INFINITE_RECURSION = YES;
				CLANG_WARN_INT_CONVERSION = YES;
				CLANG_WARN_NON_LITERAL_NULL_CONVERSION = YES;
				CLANG_WARN_OBJC_IMPLICIT_RETAIN_SELF = YES;
				CLANG_WARN_OBJC_LITERAL_CONVERSION = YES;
				CLANG_WARN_OBJC_ROOT_CLASS = YES_ERROR;
				CLANG_WARN_QUOTED_INCLUDE_IN_FRAMEWORK_HEADER = YES;
				CLANG_WARN_RANGE_LOOP_ANALYSIS = YES;
				CLANG_WARN_STRICT_PROTOTYPES = YES;
				CLANG_WARN_SUSPICIOUS_MOVE = YES;
				CLANG_WARN_UNGUARDED_AVAILABILITY = YES_AGGRESSIVE;
				CLANG_WARN_UNREACHABLE_CODE = YES;
				CLANG_WARN__DUPLICATE_METHOD_MATCH = YES;
				COPY_PHASE_STRIP = NO;
				DEBUG_INFORMATION_FORMAT = "dwarf-with-dsym";
				ENABLE_NS_ASSERTIONS = NO;
				ENABLE_STRICT_OBJC_MSGSEND = YES;
				GCC_C_LANGUAGE_STANDARD = gnu11;
				GCC_NO_COMMON_BLOCKS = YES;
				GCC_WARN_64_TO_32_BIT_CONVERSION = YES;
				GCC_WARN_ABOUT_RETURN_TYPE = YES_ERROR;
				GCC_WARN_UNDECLARED_SELECTOR = YES;
				GCC_WARN_UNINITIALIZED_AUTOS = YES_AGGRESSIVE;
				GCC_WARN_UNUSED_FUNCTION = YES;
				GCC_WARN_UNUSED_VARIABLE = YES;
				IPHONEOS_DEPLOYMENT_TARGET = 14.4;
				MTL_ENABLE_DEBUG_INFO = NO;
				MTL_FAST_MATH = YES;
				SDKROOT = iphoneos;
				SWIFT_COMPILATION_MODE = wholemodule;
				SWIFT_OPTIMIZATION_LEVEL = "-O";
				VALIDATE_PRODUCT = YES;
			};
			name = Release;
		};
		79980910261464D000F219A1 /* Debug */ = {
			isa = XCBuildConfiguration;
			buildSettings = {
				ASSETCATALOG_COMPILER_APPICON_NAME = AppIcon;
				ASSETCATALOG_COMPILER_GLOBAL_ACCENT_COLOR_NAME = AccentColor;
				CODE_SIGN_STYLE = Automatic;
				INFOPLIST_FILE = Passport/Supporting/Info.plist;
				LD_RUNPATH_SEARCH_PATHS = (
					"$(inherited)",
					"@executable_path/Frameworks",
				);
				PRODUCT_BUNDLE_IDENTIFIER = "com.Marat-Shagiakhmetov.Passport";
				PRODUCT_NAME = "$(TARGET_NAME)";
				SWIFT_VERSION = 5.0;
				TARGETED_DEVICE_FAMILY = "1,2";
			};
			name = Debug;
		};
		79980911261464D000F219A1 /* Release */ = {
			isa = XCBuildConfiguration;
			buildSettings = {
				ASSETCATALOG_COMPILER_APPICON_NAME = AppIcon;
				ASSETCATALOG_COMPILER_GLOBAL_ACCENT_COLOR_NAME = AccentColor;
				CODE_SIGN_STYLE = Automatic;
				INFOPLIST_FILE = Passport/Supporting/Info.plist;
				LD_RUNPATH_SEARCH_PATHS = (
					"$(inherited)",
					"@executable_path/Frameworks",
				);
				PRODUCT_BUNDLE_IDENTIFIER = "com.Marat-Shagiakhmetov.Passport";
				PRODUCT_NAME = "$(TARGET_NAME)";
				SWIFT_VERSION = 5.0;
				TARGETED_DEVICE_FAMILY = "1,2";
			};
			name = Release;
		};
/* End XCBuildConfiguration section */

/* Begin XCConfigurationList section */
		799808F6261464CF00F219A1 /* Build configuration list for PBXProject "Passport" */ = {
			isa = XCConfigurationList;
			buildConfigurations = (
				7998090D261464D000F219A1 /* Debug */,
				7998090E261464D000F219A1 /* Release */,
			);
			defaultConfigurationIsVisible = 0;
			defaultConfigurationName = Release;
		};
		7998090F261464D000F219A1 /* Build configuration list for PBXNativeTarget "Passport" */ = {
			isa = XCConfigurationList;
			buildConfigurations = (
				79980910261464D000F219A1 /* Debug */,
				79980911261464D000F219A1 /* Release */,
			);
			defaultConfigurationIsVisible = 0;
			defaultConfigurationName = Release;
		};
/* End XCConfigurationList section */
	};
	rootObject = 799808F3261464CF00F219A1 /* Project object */;
}
